
Microsoft Visual Studio Solution File, Format Version 12.00
# Visual Studio Version 16
VisualStudioVersion = 16.0.31702.278
MinimumVisualStudioVersion = 10.0.40219.1
Project("{9A19103F-16F7-4668-BE54-9A1E7A4F7556}") = "ConsoleApp9", "ConsoleApp9\ConsoleApp9.csproj", "{8F398890-0B31-47A3-9391-52F3F120886D}"
EndProject
Project("{FAE04EC0-301F-11D3-BF4B-00C04F79EFBC}") = "ConsoleApp1", "ConsoleApp1\ConsoleApp1.csproj", "{BE4A616A-62D6-499F-9D05-3C7A3CB8100D}"
EndProject
Global
	GlobalSection(SolutionConfigurationPlatforms) = preSolution
		Debug|Any CPU = Debug|Any CPU
		Release|Any CPU = Release|Any CPU
	EndGlobalSection
	GlobalSection(ProjectConfigurationPlatforms) = postSolution
		{8F398890-0B31-47A3-9391-52F3F120886D}.Debug|Any CPU.ActiveCfg = Debug|Any CPU
		{8F398890-0B31-47A3-9391-52F3F120886D}.Debug|Any CPU.Build.0 = Debug|Any CPU
		{8F398890-0B31-47A3-9391-52F3F120886D}.Release|Any CPU.ActiveCfg = Release|Any CPU
		{8F398890-0B31-47A3-9391-52F3F120886D}.Release|Any CPU.Build.0 = Release|Any CPU
		{BE4A616A-62D6-499F-9D05-3C7A3CB8100D}.Debug|Any CPU.ActiveCfg = Debug|Any CPU
		{BE4A616A-62D6-499F-9D05-3C7A3CB8100D}.Debug|Any CPU.Build.0 = Debug|Any CPU
		{BE4A616A-62D6-499F-9D05-3C7A3CB8100D}.Release|Any CPU.ActiveCfg = Release|Any CPU
		{BE4A616A-62D6-499F-9D05-3C7A3CB8100D}.Release|Any CPU.Build.0 = Release|Any CPU
	EndGlobalSection
	GlobalSection(SolutionProperties) = preSolution
		HideSolutionNode = FALSE
	EndGlobalSection
	GlobalSection(ExtensibilityGlobals) = postSolution
		SolutionGuid = {9F77F79E-6DE6-47E6-B709-2764FBCE0D96}
	EndGlobalSection
EndGlobal
